# This file is automatically @generated by Cargo.
# It is not intended for manual editing.
[[package]]
name = "aht"
version = "0.1.0"

[[package]]
name = "atomicvec"
version = "0.1.0"

[[package]]
name = "basic_mutator"
version = "0.1.0"

[[package]]
name = "falkhash"
version = "0.1.0"

[[package]]
name = "fuzz_with_emus"
version = "0.1.0"
dependencies = [
 "aht",
 "atomicvec",
 "basic_mutator",
 "falkhash",
]
